
Microsoft Visual Studio Solution File, Format Version 12.00
# Visual Studio Version 17
VisualStudioVersion = 17.6.33815.320
MinimumVisualStudioVersion = 10.0.40219.1
Project("{FAE04EC0-301F-11D3-BF4B-00C04F79EFBC}") = "PRESENTACION", "PRESENTACION\PRESENTACION.csproj", "{257E1B64-2F36-469C-B064-D6867E9EF95F}"
EndProject
Project("{FAE04EC0-301F-11D3-BF4B-00C04F79EFBC}") = "LOGICA", "LOGICA\LOGICA.csproj", "{9E07F564-21FD-44F9-93DD-7052D9B32521}"
EndProject
Project("{FAE04EC0-301F-11D3-BF4B-00C04F79EFBC}") = "ENTIDADES", "ENTIDADES\ENTIDADES.csproj", "{874CA361-FFAE-4ECF-8D18-AC208C226F61}"
EndProject
Global
	GlobalSection(SolutionConfigurationPlatforms) = preSolution
		Debug|Any CPU = Debug|Any CPU
		Release|Any CPU = Release|Any CPU
	EndGlobalSection
	GlobalSection(ProjectConfigurationPlatforms) = postSolution
		{257E1B64-2F36-469C-B064-D6867E9EF95F}.Debug|Any CPU.ActiveCfg = Debug|Any CPU
		{257E1B64-2F36-469C-B064-D6867E9EF95F}.Debug|Any CPU.Build.0 = Debug|Any CPU
		{257E1B64-2F36-469C-B064-D6867E9EF95F}.Release|Any CPU.ActiveCfg = Release|Any CPU
		{257E1B64-2F36-469C-B064-D6867E9EF95F}.Release|Any CPU.Build.0 = Release|Any CPU
		{9E07F564-21FD-44F9-93DD-7052D9B32521}.Debug|Any CPU.ActiveCfg = Debug|Any CPU
		{9E07F564-21FD-44F9-93DD-7052D9B32521}.Debug|Any CPU.Build.0 = Debug|Any CPU
		{9E07F564-21FD-44F9-93DD-7052D9B32521}.Release|Any CPU.ActiveCfg = Release|Any CPU
		{9E07F564-21FD-44F9-93DD-7052D9B32521}.Release|Any CPU.Build.0 = Release|Any CPU
		{874CA361-FFAE-4ECF-8D18-AC208C226F61}.Debug|Any CPU.ActiveCfg = Debug|Any CPU
		{874CA361-FFAE-4ECF-8D18-AC208C226F61}.Debug|Any CPU.Build.0 = Debug|Any CPU
		{874CA361-FFAE-4ECF-8D18-AC208C226F61}.Release|Any CPU.ActiveCfg = Release|Any CPU
		{874CA361-FFAE-4ECF-8D18-AC208C226F61}.Release|Any CPU.Build.0 = Release|Any CPU
	EndGlobalSection
	GlobalSection(SolutionProperties) = preSolution
		HideSolutionNode = FALSE
	EndGlobalSection
	GlobalSection(ExtensibilityGlobals) = postSolution
		SolutionGuid = {011F0041-3387-4E6C-AAF2-7D02718996B9}
	EndGlobalSection
EndGlobal
